
Microsoft Visual Studio Solution File, Format Version 12.00
# Visual Studio Version 17
VisualStudioVersion = 17.6.33723.286
MinimumVisualStudioVersion = 10.0.40219.1
Project("{FAE04EC0-301F-11D3-BF4B-00C04F79EFBC}") = "Cat Trap", "Cat Trap.csproj", "{0251535C-1F28-4C1F-9227-A55C6C83EF5D}"
EndProject
Global
	GlobalSection(SolutionConfigurationPlatforms) = preSolution
		Debug|Any CPU = Debug|Any CPU
		Release|Any CPU = Release|Any CPU
	EndGlobalSection
	GlobalSection(ProjectConfigurationPlatforms) = postSolution
		{0251535C-1F28-4C1F-9227-A55C6C83EF5D}.Debug|Any CPU.ActiveCfg = Debug|Any CPU
		{0251535C-1F28-4C1F-9227-A55C6C83EF5D}.Debug|Any CPU.Build.0 = Debug|Any CPU
		{0251535C-1F28-4C1F-9227-A55C6C83EF5D}.Release|Any CPU.ActiveCfg = Release|Any CPU
		{0251535C-1F28-4C1F-9227-A55C6C83EF5D}.Release|Any CPU.Build.0 = Release|Any CPU
	EndGlobalSection
	GlobalSection(SolutionProperties) = preSolution
		HideSolutionNode = FALSE
	EndGlobalSection
	GlobalSection(ExtensibilityGlobals) = postSolution
		SolutionGuid = {E49DF996-93B6-41BE-AE38-1631E19D9B07}
	EndGlobalSection
EndGlobal
